
Microsoft Visual Studio Solution File, Format Version 12.00
# Visual Studio Version 17
VisualStudioVersion = 17.6.33723.286
MinimumVisualStudioVersion = 10.0.40219.1
Project("{FAE04EC0-301F-11D3-BF4B-00C04F79EFBC}") = "Senac.Consultorio", "Senac.Consultorio\Senac.Consultorio.csproj", "{8AC10DC4-5276-4D8D-9D34-102D22A57912}"
EndProject
Global
	GlobalSection(SolutionConfigurationPlatforms) = preSolution
		Debug|Any CPU = Debug|Any CPU
		Release|Any CPU = Release|Any CPU
	EndGlobalSection
	GlobalSection(ProjectConfigurationPlatforms) = postSolution
		{8AC10DC4-5276-4D8D-9D34-102D22A57912}.Debug|Any CPU.ActiveCfg = Debug|Any CPU
		{8AC10DC4-5276-4D8D-9D34-102D22A57912}.Debug|Any CPU.Build.0 = Debug|Any CPU
		{8AC10DC4-5276-4D8D-9D34-102D22A57912}.Release|Any CPU.ActiveCfg = Release|Any CPU
		{8AC10DC4-5276-4D8D-9D34-102D22A57912}.Release|Any CPU.Build.0 = Release|Any CPU
	EndGlobalSection
	GlobalSection(SolutionProperties) = preSolution
		HideSolutionNode = FALSE
	EndGlobalSection
	GlobalSection(ExtensibilityGlobals) = postSolution
		SolutionGuid = {4D451421-DC1C-4094-8F53-75B6B5BE1E93}
	EndGlobalSection
EndGlobal
